// !$*UTF8*$!
{
	archiveVersion = 1;
	classes = {
	};
	objectVersion = 46;
	objects = {

/* Begin PBXBuildFile section */
		EB20E56C1DD0593700A05A95 /* JuBubbleImage.m in Sources */ = {isa = PBXBuildFile; fileRef = EB20E5611DD0593700A05A95 /* JuBubbleImage.m */; };
		EB20E56D1DD0593700A05A95 /* JuBubbleView.m in Sources */ = {isa = PBXBuildFile; fileRef = EB20E5631DD0593700A05A95 /* JuBubbleView.m */; };
		EB20E56E1DD0593700A05A95 /* JuChatBarView.m in Sources */ = {isa = PBXBuildFile; fileRef = EB20E5651DD0593700A05A95 /* JuChatBarView.m */; };
		EB20E56F1DD0593700A05A95 /* JuBaseMessageCell.m in Sources */ = {isa = PBXBuildFile; fileRef = EB20E5671DD0593700A05A95 /* JuBaseMessageCell.m */; };
		EB20E5701DD0593700A05A95 /* JuChatViewController.m in Sources */ = {isa = PBXBuildFile; fileRef = EB20E5691DD0593700A05A95 /* JuChatViewController.m */; };
		EB20E5711DD0593700A05A95 /* JuMessageModel.m in Sources */ = {isa = PBXBuildFile; fileRef = EB20E56B1DD0593700A05A95 /* JuMessageModel.m */; };
		EB266B091DB70F9C00D4A15F /* main.m in Sources */ = {isa = PBXBuildFile; fileRef = EB266B081DB70F9C00D4A15F /* main.m */; };
		EB266B0C1DB70F9C00D4A15F /* AppDelegate.m in Sources */ = {isa = PBXBuildFile; fileRef = EB266B0B1DB70F9C00D4A15F /* AppDelegate.m */; };
		EB266B121DB70F9C00D4A15F /* Main.storyboard in Resources */ = {isa = PBXBuildFile; fileRef = EB266B101DB70F9C00D4A15F /* Main.storyboard */; };
		EB266B141DB70F9C00D4A15F /* Assets.xcassets in Resources */ = {isa = PBXBuildFile; fileRef = EB266B131DB70F9C00D4A15F /* Assets.xcassets */; };
		EB266B171DB70F9C00D4A15F /* LaunchScreen.storyboard in Resources */ = {isa = PBXBuildFile; fileRef = EB266B151DB70F9C00D4A15F /* LaunchScreen.storyboard */; };
		EB266B291DB710F800D4A15F /* JuLayout.m in Sources */ = {isa = PBXBuildFile; fileRef = EB266B201DB710F800D4A15F /* JuLayout.m */; };
		EB266B2A1DB710F800D4A15F /* UIView+Frame.m in Sources */ = {isa = PBXBuildFile; fileRef = EB266B221DB710F800D4A15F /* UIView+Frame.m */; };
		EB266B2B1DB710F800D4A15F /* UIView+JuConstraint.m in Sources */ = {isa = PBXBuildFile; fileRef = EB266B241DB710F800D4A15F /* UIView+JuConstraint.m */; };
		EB266B2C1DB710F800D4A15F /* UIView+JuLayGroup.m in Sources */ = {isa = PBXBuildFile; fileRef = EB266B261DB710F800D4A15F /* UIView+JuLayGroup.m */; };
		EB266B2D1DB710F800D4A15F /* UIView+JuLayout.m in Sources */ = {isa = PBXBuildFile; fileRef = EB266B281DB710F800D4A15F /* UIView+JuLayout.m */; };
		EB266B3E1DB73EA300D4A15F /* consult_LeftBubble@3x.png in Resources */ = {isa = PBXBuildFile; fileRef = EB266B3D1DB73EA200D4A15F /* consult_LeftBubble@3x.png */; };
		EB266B401DB73EB100D4A15F /* consult_RightBubble@3x.png in Resources */ = {isa = PBXBuildFile; fileRef = EB266B3F1DB73EB100D4A15F /* consult_RightBubble@3x.png */; };
		EB266B421DB73EC500D4A15F /* assistor_news0_03.png in Resources */ = {isa = PBXBuildFile; fileRef = EB266B411DB73EC500D4A15F /* assistor_news0_03.png */; };
		EB266B471DB74A8B00D4A15F /* timg.jpeg in Resources */ = {isa = PBXBuildFile; fileRef = EB266B461DB74A8B00D4A15F /* timg.jpeg */; };
		EB266B521DB7600400D4A15F /* chatVoiceLeft@2x.png in Resources */ = {isa = PBXBuildFile; fileRef = EB266B511DB7600400D4A15F /* chatVoiceLeft@2x.png */; };
		EB266B541DB7600800D4A15F /* chatVoiceRight@2x.png in Resources */ = {isa = PBXBuildFile; fileRef = EB266B531DB7600800D4A15F /* chatVoiceRight@2x.png */; };
		EB358FE02150A07E00B5AABC /* JuChatMessageCell.m in Sources */ = {isa = PBXBuildFile; fileRef = EB358FDF2150A07E00B5AABC /* JuChatMessageCell.m */; };
		EB358FE42150A89E00B5AABC /* emoti_000.gif in Resources */ = {isa = PBXBuildFile; fileRef = EB358FE32150A89E00B5AABC /* emoti_000.gif */; };
		EB358FEA2150A8B500B5AABC /* CADisplayLineImageView.m in Sources */ = {isa = PBXBuildFile; fileRef = EB358FE62150A8B500B5AABC /* CADisplayLineImageView.m */; };
		EB358FEB2150A8B500B5AABC /* CADisplayLineImage.m in Sources */ = {isa = PBXBuildFile; fileRef = EB358FE72150A8B500B5AABC /* CADisplayLineImage.m */; };
		EB3590012150C1A900B5AABC /* RecordingBkg@3x.png in Resources */ = {isa = PBXBuildFile; fileRef = EB358FED2150C1A900B5AABC /* RecordingBkg@3x.png */; };
		EB3590022150C1A900B5AABC /* RecordingSignal001@3x.png in Resources */ = {isa = PBXBuildFile; fileRef = EB358FEE2150C1A900B5AABC /* RecordingSignal001@3x.png */; };
		EB3590032150C1A900B5AABC /* RecordingSignal003@2x.png in Resources */ = {isa = PBXBuildFile; fileRef = EB358FEF2150C1A900B5AABC /* RecordingSignal003@2x.png */; };
		EB3590042150C1A900B5AABC /* RecordingSignal003@3x.png in Resources */ = {isa = PBXBuildFile; fileRef = EB358FF02150C1A900B5AABC /* RecordingSignal003@3x.png */; };
		EB3590052150C1A900B5AABC /* RecordingSignal001@2x.png in Resources */ = {isa = PBXBuildFile; fileRef = EB358FF12150C1A900B5AABC /* RecordingSignal001@2x.png */; };
		EB3590062150C1A900B5AABC /* RecordingBkg@2x.png in Resources */ = {isa = PBXBuildFile; fileRef = EB358FF22150C1A900B5AABC /* RecordingBkg@2x.png */; };
		EB3590072150C1A900B5AABC /* RecordingSignal005@2x.png in Resources */ = {isa = PBXBuildFile; fileRef = EB358FF32150C1A900B5AABC /* RecordingSignal005@2x.png */; };
		EB3590082150C1A900B5AABC /* RecordingSignal007@3x.png in Resources */ = {isa = PBXBuildFile; fileRef = EB358FF42150C1A900B5AABC /* RecordingSignal007@3x.png */; };
		EB3590092150C1A900B5AABC /* RecordingSignal007@2x.png in Resources */ = {isa = PBXBuildFile; fileRef = EB358FF52150C1A900B5AABC /* RecordingSignal007@2x.png */; };
		EB35900A2150C1A900B5AABC /* RecordingSignal005@3x.png in Resources */ = {isa = PBXBuildFile; fileRef = EB358FF62150C1A900B5AABC /* RecordingSignal005@3x.png */; };
		EB35900B2150C1A900B5AABC /* RecordingSignal002@2x.png in Resources */ = {isa = PBXBuildFile; fileRef = EB358FF72150C1A900B5AABC /* RecordingSignal002@2x.png */; };
		EB35900C2150C1A900B5AABC /* RecordingSignal002@3x.png in Resources */ = {isa = PBXBuildFile; fileRef = EB358FF82150C1A900B5AABC /* RecordingSignal002@3x.png */; };
		EB35900D2150C1A900B5AABC /* RecordCancel@3x.png in Resources */ = {isa = PBXBuildFile; fileRef = EB358FF92150C1A900B5AABC /* RecordCancel@3x.png */; };
		EB35900E2150C1A900B5AABC /* RecordingSignal006@3x.png in Resources */ = {isa = PBXBuildFile; fileRef = EB358FFA2150C1A900B5AABC /* RecordingSignal006@3x.png */; };
		EB35900F2150C1A900B5AABC /* RecordingSignal008@2x.png in Resources */ = {isa = PBXBuildFile; fileRef = EB358FFB2150C1A900B5AABC /* RecordingSignal008@2x.png */; };
		EB3590102150C1A900B5AABC /* RecordingSignal004@2x.png in Resources */ = {isa = PBXBuildFile; fileRef = EB358FFC2150C1A900B5AABC /* RecordingSignal004@2x.png */; };
		EB3590112150C1A900B5AABC /* RecordingSignal004@3x.png in Resources */ = {isa = PBXBuildFile; fileRef = EB358FFD2150C1A900B5AABC /* RecordingSignal004@3x.png */; };
		EB3590122150C1A900B5AABC /* RecordingSignal008@3x.png in Resources */ = {isa = PBXBuildFile; fileRef = EB358FFE2150C1A900B5AABC /* RecordingSignal008@3x.png */; };
		EB3590132150C1A900B5AABC /* RecordingSignal006@2x.png in Resources */ = {isa = PBXBuildFile; fileRef = EB358FFF2150C1A900B5AABC /* RecordingSignal006@2x.png */; };
		EB3590142150C1A900B5AABC /* RecordCancel@2x.png in Resources */ = {isa = PBXBuildFile; fileRef = EB3590002150C1A900B5AABC /* RecordCancel@2x.png */; };
		EB3590172150C6EA00B5AABC /* JuRecordView.m in Sources */ = {isa = PBXBuildFile; fileRef = EB3590162150C6EA00B5AABC /* JuRecordView.m */; };
		EB46F1BC1DB86A50004AB89A /* TestViewController.m in Sources */ = {isa = PBXBuildFile; fileRef = EB46F1BB1DB86A50004AB89A /* TestViewController.m */; };
		EB46F1BF1DB877AD004AB89A /* chatBar_record@2x.png in Resources */ = {isa = PBXBuildFile; fileRef = EB46F1BE1DB877AD004AB89A /* chatBar_record@2x.png */; };
		EB46F1C11DB877B2004AB89A /* chatBar_more@2x.png in Resources */ = {isa = PBXBuildFile; fileRef = EB46F1C01DB877B2004AB89A /* chatBar_more@2x.png */; };
		EBAAD9B3214FA90D000248B3 /* JuBubbleView+image.m in Sources */ = {isa = PBXBuildFile; fileRef = EBAAD9B2214FA90D000248B3 /* JuBubbleView+image.m */; };
		EBAAD9B6214FA919000248B3 /* JuBubbleView+text.m in Sources */ = {isa = PBXBuildFile; fileRef = EBAAD9B5214FA919000248B3 /* JuBubbleView+text.m */; };
		EBAAD9B9214FA924000248B3 /* JuBubbleView+gif.m in Sources */ = {isa = PBXBuildFile; fileRef = EBAAD9B8214FA924000248B3 /* JuBubbleView+gif.m */; };
		EBAAD9BC214FAB94000248B3 /* JuBubbleView+Voice.m in Sources */ = {isa = PBXBuildFile; fileRef = EBAAD9BB214FAB94000248B3 /* JuBubbleView+Voice.m */; };
/* End PBXBuildFile section */

/* Begin PBXFileReference section */
		EB20E5601DD0593700A05A95 /* JuBubbleImage.h */ = {isa = PBXFileReference; fileEncoding = 4; lastKnownFileType = sourcecode.c.h; path = JuBubbleImage.h; sourceTree = "<group>"; };
		EB20E5611DD0593700A05A95 /* JuBubbleImage.m */ = {isa = PBXFileReference; fileEncoding = 4; lastKnownFileType = sourcecode.c.objc; path = JuBubbleImage.m; sourceTree = "<group>"; };
		EB20E5621DD0593700A05A95 /* JuBubbleView.h */ = {isa = PBXFileReference; fileEncoding = 4; lastKnownFileType = sourcecode.c.h; path = JuBubbleView.h; sourceTree = "<group>"; };
		EB20E5631DD0593700A05A95 /* JuBubbleView.m */ = {isa = PBXFileReference; fileEncoding = 4; lastKnownFileType = sourcecode.c.objc; path = JuBubbleView.m; sourceTree = "<group>"; };
		EB20E5641DD0593700A05A95 /* JuChatBarView.h */ = {isa = PBXFileReference; fileEncoding = 4; lastKnownFileType = sourcecode.c.h; path = JuChatBarView.h; sourceTree = "<group>"; };
		EB20E5651DD0593700A05A95 /* JuChatBarView.m */ = {isa = PBXFileReference; fileEncoding = 4; lastKnownFileType = sourcecode.c.objc; path = JuChatBarView.m; sourceTree = "<group>"; };
		EB20E5661DD0593700A05A95 /* JuBaseMessageCell.h */ = {isa = PBXFileReference; fileEncoding = 4; lastKnownFileType = sourcecode.c.h; path = JuBaseMessageCell.h; sourceTree = "<group>"; };
		EB20E5671DD0593700A05A95 /* JuBaseMessageCell.m */ = {isa = PBXFileReference; fileEncoding = 4; lastKnownFileType = sourcecode.c.objc; path = JuBaseMessageCell.m; sourceTree = "<group>"; };
		EB20E5681DD0593700A05A95 /* JuChatViewController.h */ = {isa = PBXFileReference; fileEncoding = 4; lastKnownFileType = sourcecode.c.h; path = JuChatViewController.h; sourceTree = "<group>"; };
		EB20E5691DD0593700A05A95 /* JuChatViewController.m */ = {isa = PBXFileReference; fileEncoding = 4; lastKnownFileType = sourcecode.c.objc; path = JuChatViewController.m; sourceTree = "<group>"; };
		EB20E56A1DD0593700A05A95 /* JuMessageModel.h */ = {isa = PBXFileReference; fileEncoding = 4; lastKnownFileType = sourcecode.c.h; path = JuMessageModel.h; sourceTree = "<group>"; };
		EB20E56B1DD0593700A05A95 /* JuMessageModel.m */ = {isa = PBXFileReference; fileEncoding = 4; lastKnownFileType = sourcecode.c.objc; path = JuMessageModel.m; sourceTree = "<group>"; };
		EB266B041DB70F9C00D4A15F /* JuChatMessage.app */ = {isa = PBXFileReference; explicitFileType = wrapper.application; includeInIndex = 0; path = JuChatMessage.app; sourceTree = BUILT_PRODUCTS_DIR; };
		EB266B081DB70F9C00D4A15F /* main.m */ = {isa = PBXFileReference; lastKnownFileType = sourcecode.c.objc; path = main.m; sourceTree = "<group>"; };
		EB266B0A1DB70F9C00D4A15F /* AppDelegate.h */ = {isa = PBXFileReference; lastKnownFileType = sourcecode.c.h; path = AppDelegate.h; sourceTree = "<group>"; };
		EB266B0B1DB70F9C00D4A15F /* AppDelegate.m */ = {isa = PBXFileReference; lastKnownFileType = sourcecode.c.objc; path = AppDelegate.m; sourceTree = "<group>"; };
		EB266B111DB70F9C00D4A15F /* Base */ = {isa = PBXFileReference; lastKnownFileType = file.storyboard; name = Base; path = Base.lproj/Main.storyboard; sourceTree = "<group>"; };
		EB266B131DB70F9C00D4A15F /* Assets.xcassets */ = {isa = PBXFileReference; lastKnownFileType = folder.assetcatalog; path = Assets.xcassets; sourceTree = "<group>"; };
		EB266B161DB70F9C00D4A15F /* Base */ = {isa = PBXFileReference; lastKnownFileType = file.storyboard; name = Base; path = Base.lproj/LaunchScreen.storyboard; sourceTree = "<group>"; };
		EB266B181DB70F9C00D4A15F /* Info.plist */ = {isa = PBXFileReference; lastKnownFileType = text.plist.xml; path = Info.plist; sourceTree = "<group>"; };
		EB266B1F1DB710F800D4A15F /* JuLayout.h */ = {isa = PBXFileReference; fileEncoding = 4; lastKnownFileType = sourcecode.c.h; path = JuLayout.h; sourceTree = "<group>"; };
		EB266B201DB710F800D4A15F /* JuLayout.m */ = {isa = PBXFileReference; fileEncoding = 4; lastKnownFileType = sourcecode.c.objc; path = JuLayout.m; sourceTree = "<group>"; };
		EB266B211DB710F800D4A15F /* UIView+Frame.h */ = {isa = PBXFileReference; fileEncoding = 4; lastKnownFileType = sourcecode.c.h; path = "UIView+Frame.h"; sourceTree = "<group>"; };
		EB266B221DB710F800D4A15F /* UIView+Frame.m */ = {isa = PBXFileReference; fileEncoding = 4; lastKnownFileType = sourcecode.c.objc; path = "UIView+Frame.m"; sourceTree = "<group>"; };
		EB266B231DB710F800D4A15F /* UIView+JuConstraint.h */ = {isa = PBXFileReference; fileEncoding = 4; lastKnownFileType = sourcecode.c.h; path = "UIView+JuConstraint.h"; sourceTree = "<group>"; };
		EB266B241DB710F800D4A15F /* UIView+JuConstraint.m */ = {isa = PBXFileReference; fileEncoding = 4; lastKnownFileType = sourcecode.c.objc; path = "UIView+JuConstraint.m"; sourceTree = "<group>"; };
		EB266B251DB710F800D4A15F /* UIView+JuLayGroup.h */ = {isa = PBXFileReference; fileEncoding = 4; lastKnownFileType = sourcecode.c.h; path = "UIView+JuLayGroup.h"; sourceTree = "<group>"; };
		EB266B261DB710F800D4A15F /* UIView+JuLayGroup.m */ = {isa = PBXFileReference; fileEncoding = 4; lastKnownFileType = sourcecode.c.objc; path = "UIView+JuLayGroup.m"; sourceTree = "<group>"; };
		EB266B271DB710F800D4A15F /* UIView+JuLayout.h */ = {isa = PBXFileReference; fileEncoding = 4; lastKnownFileType = sourcecode.c.h; path = "UIView+JuLayout.h"; sourceTree = "<group>"; };
		EB266B281DB710F800D4A15F /* UIView+JuLayout.m */ = {isa = PBXFileReference; fileEncoding = 4; lastKnownFileType = sourcecode.c.objc; path = "UIView+JuLayout.m"; sourceTree = "<group>"; };
		EB266B3D1DB73EA200D4A15F /* consult_LeftBubble@3x.png */ = {isa = PBXFileReference; lastKnownFileType = image.png; path = "consult_LeftBubble@3x.png"; sourceTree = "<group>"; };
		EB266B3F1DB73EB100D4A15F /* consult_RightBubble@3x.png */ = {isa = PBXFileReference; lastKnownFileType = image.png; path = "consult_RightBubble@3x.png"; sourceTree = "<group>"; };
		EB266B411DB73EC500D4A15F /* assistor_news0_03.png */ = {isa = PBXFileReference; lastKnownFileType = image.png; path = assistor_news0_03.png; sourceTree = "<group>"; };
		EB266B461DB74A8B00D4A15F /* timg.jpeg */ = {isa = PBXFileReference; lastKnownFileType = image.jpeg; path = timg.jpeg; sourceTree = "<group>"; };
		EB266B511DB7600400D4A15F /* chatVoiceLeft@2x.png */ = {isa = PBXFileReference; lastKnownFileType = image.png; path = "chatVoiceLeft@2x.png"; sourceTree = "<group>"; };
		EB266B531DB7600800D4A15F /* chatVoiceRight@2x.png */ = {isa = PBXFileReference; lastKnownFileType = image.png; path = "chatVoiceRight@2x.png"; sourceTree = "<group>"; };
		EB358FDE2150A07E00B5AABC /* JuChatMessageCell.h */ = {isa = PBXFileReference; lastKnownFileType = sourcecode.c.h; path = JuChatMessageCell.h; sourceTree = "<group>"; };
		EB358FDF2150A07E00B5AABC /* JuChatMessageCell.m */ = {isa = PBXFileReference; lastKnownFileType = sourcecode.c.objc; path = JuChatMessageCell.m; sourceTree = "<group>"; };
		EB358FE32150A89E00B5AABC /* emoti_000.gif */ = {isa = PBXFileReference; lastKnownFileType = image.gif; path = emoti_000.gif; sourceTree = "<group>"; };
		EB358FE62150A8B500B5AABC /* CADisplayLineImageView.m */ = {isa = PBXFileReference; fileEncoding = 4; lastKnownFileType = sourcecode.c.objc; path = CADisplayLineImageView.m; sourceTree = "<group>"; };
		EB358FE72150A8B500B5AABC /* CADisplayLineImage.m */ = {isa = PBXFileReference; fileEncoding = 4; lastKnownFileType = sourcecode.c.objc; path = CADisplayLineImage.m; sourceTree = "<group>"; };
		EB358FE82150A8B500B5AABC /* CADisplayLineImageView.h */ = {isa = PBXFileReference; fileEncoding = 4; lastKnownFileType = sourcecode.c.h; path = CADisplayLineImageView.h; sourceTree = "<group>"; };
		EB358FE92150A8B500B5AABC /* CADisplayLineImage.h */ = {isa = PBXFileReference; fileEncoding = 4; lastKnownFileType = sourcecode.c.h; path = CADisplayLineImage.h; sourceTree = "<group>"; };
		EB358FED2150C1A900B5AABC /* RecordingBkg@3x.png */ = {isa = PBXFileReference; lastKnownFileType = image.png; path = "RecordingBkg@3x.png"; sourceTree = "<group>"; };
		EB358FEE2150C1A900B5AABC /* RecordingSignal001@3x.png */ = {isa = PBXFileReference; lastKnownFileType = image.png; path = "RecordingSignal001@3x.png"; sourceTree = "<group>"; };
		EB358FEF2150C1A900B5AABC /* RecordingSignal003@2x.png */ = {isa = PBXFileReference; lastKnownFileType = image.png; path = "RecordingSignal003@2x.png"; sourceTree = "<group>"; };
		EB358FF02150C1A900B5AABC /* RecordingSignal003@3x.png */ = {isa = PBXFileReference; lastKnownFileType = image.png; path = "RecordingSignal003@3x.png"; sourceTree = "<group>"; };
		EB358FF12150C1A900B5AABC /* RecordingSignal001@2x.png */ = {isa = PBXFileReference; lastKnownFileType = image.png; path = "RecordingSignal001@2x.png"; sourceTree = "<group>"; };
		EB358FF22150C1A900B5AABC /* RecordingBkg@2x.png */ = {isa = PBXFileReference; lastKnownFileType = image.png; path = "RecordingBkg@2x.png"; sourceTree = "<group>"; };
		EB358FF32150C1A900B5AABC /* RecordingSignal005@2x.png */ = {isa = PBXFileReference; lastKnownFileType = image.png; path = "RecordingSignal005@2x.png"; sourceTree = "<group>"; };
		EB358FF42150C1A900B5AABC /* RecordingSignal007@3x.png */ = {isa = PBXFileReference; lastKnownFileType = image.png; path = "RecordingSignal007@3x.png"; sourceTree = "<group>"; };
		EB358FF52150C1A900B5AABC /* RecordingSignal007@2x.png */ = {isa = PBXFileReference; lastKnownFileType = image.png; path = "RecordingSignal007@2x.png"; sourceTree = "<group>"; };
		EB358FF62150C1A900B5AABC /* RecordingSignal005@3x.png */ = {isa = PBXFileReference; lastKnownFileType = image.png; path = "RecordingSignal005@3x.png"; sourceTree = "<group>"; };
		EB358FF72150C1A900B5AABC /* RecordingSignal002@2x.png */ = {isa = PBXFileReference; lastKnownFileType = image.png; path = "RecordingSignal002@2x.png"; sourceTree = "<group>"; };
		EB358FF82150C1A900B5AABC /* RecordingSignal002@3x.png */ = {isa = PBXFileReference; lastKnownFileType = image.png; path = "RecordingSignal002@3x.png"; sourceTree = "<group>"; };
		EB358FF92150C1A900B5AABC /* RecordCancel@3x.png */ = {isa = PBXFileReference; lastKnownFileType = image.png; path = "RecordCancel@3x.png"; sourceTree = "<group>"; };
		EB358FFA2150C1A900B5AABC /* RecordingSignal006@3x.png */ = {isa = PBXFileReference; lastKnownFileType = image.png; path = "RecordingSignal006@3x.png"; sourceTree = "<group>"; };
		EB358FFB2150C1A900B5AABC /* RecordingSignal008@2x.png */ = {isa = PBXFileReference; lastKnownFileType = image.png; path = "RecordingSignal008@2x.png"; sourceTree = "<group>"; };
		EB358FFC2150C1A900B5AABC /* RecordingSignal004@2x.png */ = {isa = PBXFileReference; lastKnownFileType = image.png; path = "RecordingSignal004@2x.png"; sourceTree = "<group>"; };
		EB358FFD2150C1A900B5AABC /* RecordingSignal004@3x.png */ = {isa = PBXFileReference; lastKnownFileType = image.png; path = "RecordingSignal004@3x.png"; sourceTree = "<group>"; };
		EB358FFE2150C1A900B5AABC /* RecordingSignal008@3x.png */ = {isa = PBXFileReference; lastKnownFileType = image.png; path = "RecordingSignal008@3x.png"; sourceTree = "<group>"; };
		EB358FFF2150C1A900B5AABC /* RecordingSignal006@2x.png */ = {isa = PBXFileReference; lastKnownFileType = image.png; path = "RecordingSignal006@2x.png"; sourceTree = "<group>"; };
		EB3590002150C1A900B5AABC /* RecordCancel@2x.png */ = {isa = PBXFileReference; lastKnownFileType = image.png; path = "RecordCancel@2x.png"; sourceTree = "<group>"; };
		EB3590152150C6EA00B5AABC /* JuRecordView.h */ = {isa = PBXFileReference; lastKnownFileType = sourcecode.c.h; path = JuRecordView.h; sourceTree = "<group>"; };
		EB3590162150C6EA00B5AABC /* JuRecordView.m */ = {isa = PBXFileReference; lastKnownFileType = sourcecode.c.objc; path = JuRecordView.m; sourceTree = "<group>"; };
		EB3590182150D59B00B5AABC /* JuChatBarDelegate.h */ = {isa = PBXFileReference; lastKnownFileType = sourcecode.c.h; path = JuChatBarDelegate.h; sourceTree = "<group>"; };
		EB46F1BA1DB86A50004AB89A /* TestViewController.h */ = {isa = PBXFileReference; fileEncoding = 4; lastKnownFileType = sourcecode.c.h; path = TestViewController.h; sourceTree = "<group>"; };
		EB46F1BB1DB86A50004AB89A /* TestViewController.m */ = {isa = PBXFileReference; fileEncoding = 4; lastKnownFileType = sourcecode.c.objc; path = TestViewController.m; sourceTree = "<group>"; };
		EB46F1BE1DB877AD004AB89A /* chatBar_record@2x.png */ = {isa = PBXFileReference; lastKnownFileType = image.png; path = "chatBar_record@2x.png"; sourceTree = "<group>"; };
		EB46F1C01DB877B2004AB89A /* chatBar_more@2x.png */ = {isa = PBXFileReference; lastKnownFileType = image.png; path = "chatBar_more@2x.png"; sourceTree = "<group>"; };
		EBAAD9B1214FA90D000248B3 /* JuBubbleView+image.h */ = {isa = PBXFileReference; lastKnownFileType = sourcecode.c.h; path = "JuBubbleView+image.h"; sourceTree = "<group>"; };
		EBAAD9B2214FA90D000248B3 /* JuBubbleView+image.m */ = {isa = PBXFileReference; lastKnownFileType = sourcecode.c.objc; path = "JuBubbleView+image.m"; sourceTree = "<group>"; };
		EBAAD9B4214FA919000248B3 /* JuBubbleView+text.h */ = {isa = PBXFileReference; lastKnownFileType = sourcecode.c.h; path = "JuBubbleView+text.h"; sourceTree = "<group>"; };
		EBAAD9B5214FA919000248B3 /* JuBubbleView+text.m */ = {isa = PBXFileReference; lastKnownFileType = sourcecode.c.objc; path = "JuBubbleView+text.m"; sourceTree = "<group>"; };
		EBAAD9B7214FA924000248B3 /* JuBubbleView+gif.h */ = {isa = PBXFileReference; lastKnownFileType = sourcecode.c.h; path = "JuBubbleView+gif.h"; sourceTree = "<group>"; };
		EBAAD9B8214FA924000248B3 /* JuBubbleView+gif.m */ = {isa = PBXFileReference; lastKnownFileType = sourcecode.c.objc; path = "JuBubbleView+gif.m"; sourceTree = "<group>"; };
		EBAAD9BA214FAB94000248B3 /* JuBubbleView+Voice.h */ = {isa = PBXFileReference; lastKnownFileType = sourcecode.c.h; path = "JuBubbleView+Voice.h"; sourceTree = "<group>"; };
		EBAAD9BB214FAB94000248B3 /* JuBubbleView+Voice.m */ = {isa = PBXFileReference; lastKnownFileType = sourcecode.c.objc; path = "JuBubbleView+Voice.m"; sourceTree = "<group>"; };
/* End PBXFileReference section */

/* Begin PBXFrameworksBuildPhase section */
		EB266B011DB70F9C00D4A15F /* Frameworks */ = {
			isa = PBXFrameworksBuildPhase;
			buildActionMask = 2147483647;
			files = (
			);
			runOnlyForDeploymentPostprocessing = 0;
		};
/* End PBXFrameworksBuildPhase section */

/* Begin PBXGroup section */
		EB20E55F1DD0593700A05A95 /* JuChatMessage */ = {
			isa = PBXGroup;
			children = (
				EBAAD9B0214FA8AD000248B3 /* Model */,
				EBAAD9AF214FA89A000248B3 /* chatBar */,
				EBAAD9AE214FA882000248B3 /* Cell */,
				EBAAD9AD214FA873000248B3 /* Bubble */,
				EB20E5681DD0593700A05A95 /* JuChatViewController.h */,
				EB20E5691DD0593700A05A95 /* JuChatViewController.m */,
			);
			path = JuChatMessage;
			sourceTree = "<group>";
		};
		EB266AFB1DB70F9C00D4A15F = {
			isa = PBXGroup;
			children = (
				EB266B061DB70F9C00D4A15F /* JuChatMessage */,
				EB266B051DB70F9C00D4A15F /* Products */,
			);
			sourceTree = "<group>";
		};
		EB266B051DB70F9C00D4A15F /* Products */ = {
			isa = PBXGroup;
			children = (
				EB266B041DB70F9C00D4A15F /* JuChatMessage.app */,
			);
			name = Products;
			sourceTree = "<group>";
		};
		EB266B061DB70F9C00D4A15F /* JuChatMessage */ = {
			isa = PBXGroup;
			children = (
				EB20E55F1DD0593700A05A95 /* JuChatMessage */,
				EB266B1E1DB710F800D4A15F /* Layout */,
				EB358FE52150A8B500B5AABC /* DisplayGif */,
				EB358FE22150A88B00B5AABC /* Resources */,
				EB266B0A1DB70F9C00D4A15F /* AppDelegate.h */,
				EB266B0B1DB70F9C00D4A15F /* AppDelegate.m */,
				EB46F1BA1DB86A50004AB89A /* TestViewController.h */,
				EB46F1BB1DB86A50004AB89A /* TestViewController.m */,
				EB266B461DB74A8B00D4A15F /* timg.jpeg */,
				EB266B101DB70F9C00D4A15F /* Main.storyboard */,
				EB266B131DB70F9C00D4A15F /* Assets.xcassets */,
				EB266B151DB70F9C00D4A15F /* LaunchScreen.storyboard */,
				EB266B181DB70F9C00D4A15F /* Info.plist */,
				EB266B071DB70F9C00D4A15F /* Supporting Files */,
			);
			path = JuChatMessage;
			sourceTree = "<group>";
		};
		EB266B071DB70F9C00D4A15F /* Supporting Files */ = {
			isa = PBXGroup;
			children = (
				EB266B081DB70F9C00D4A15F /* main.m */,
			);
			name = "Supporting Files";
			sourceTree = "<group>";
		};
		EB266B1E1DB710F800D4A15F /* Layout */ = {
			isa = PBXGroup;
			children = (
				EB266B1F1DB710F800D4A15F /* JuLayout.h */,
				EB266B201DB710F800D4A15F /* JuLayout.m */,
				EB266B211DB710F800D4A15F /* UIView+Frame.h */,
				EB266B221DB710F800D4A15F /* UIView+Frame.m */,
				EB266B231DB710F800D4A15F /* UIView+JuConstraint.h */,
				EB266B241DB710F800D4A15F /* UIView+JuConstraint.m */,
				EB266B251DB710F800D4A15F /* UIView+JuLayGroup.h */,
				EB266B261DB710F800D4A15F /* UIView+JuLayGroup.m */,
				EB266B271DB710F800D4A15F /* UIView+JuLayout.h */,
				EB266B281DB710F800D4A15F /* UIView+JuLayout.m */,
			);
			path = Layout;
			sourceTree = "<group>";
		};
		EB358FE12150A1B200B5AABC /* ExView */ = {
			isa = PBXGroup;
			children = (
				EB20E5601DD0593700A05A95 /* JuBubbleImage.h */,
				EB20E5611DD0593700A05A95 /* JuBubbleImage.m */,
			);
			path = ExView;
			sourceTree = "<group>";
		};
		EB358FE22150A88B00B5AABC /* Resources */ = {
			isa = PBXGroup;
			children = (
				EB358FEC2150C1A900B5AABC /* VoiceImg */,
				EB358FE32150A89E00B5AABC /* emoti_000.gif */,
				EB46F1C01DB877B2004AB89A /* chatBar_more@2x.png */,
				EB46F1BE1DB877AD004AB89A /* chatBar_record@2x.png */,
				EB266B531DB7600800D4A15F /* chatVoiceRight@2x.png */,
				EB266B511DB7600400D4A15F /* chatVoiceLeft@2x.png */,
				EB266B3D1DB73EA200D4A15F /* consult_LeftBubble@3x.png */,
				EB266B3F1DB73EB100D4A15F /* consult_RightBubble@3x.png */,
				EB266B411DB73EC500D4A15F /* assistor_news0_03.png */,
			);
			path = Resources;
			sourceTree = "<group>";
		};
		EB358FE52150A8B500B5AABC /* DisplayGif */ = {
			isa = PBXGroup;
			children = (
				EB358FE92150A8B500B5AABC /* CADisplayLineImage.h */,
				EB358FE72150A8B500B5AABC /* CADisplayLineImage.m */,
				EB358FE82150A8B500B5AABC /* CADisplayLineImageView.h */,
				EB358FE62150A8B500B5AABC /* CADisplayLineImageView.m */,
			);
			path = DisplayGif;
			sourceTree = "<group>";
		};
		EB358FEC2150C1A900B5AABC /* VoiceImg */ = {
			isa = PBXGroup;
			children = (
				EB3590002150C1A900B5AABC /* RecordCancel@2x.png */,
				EB358FF92150C1A900B5AABC /* RecordCancel@3x.png */,
				EB358FF22150C1A900B5AABC /* RecordingBkg@2x.png */,
				EB358FED2150C1A900B5AABC /* RecordingBkg@3x.png */,
				EB358FF12150C1A900B5AABC /* RecordingSignal001@2x.png */,
				EB358FEE2150C1A900B5AABC /* RecordingSignal001@3x.png */,
				EB358FF72150C1A900B5AABC /* RecordingSignal002@2x.png */,
				EB358FF82150C1A900B5AABC /* RecordingSignal002@3x.png */,
				EB358FEF2150C1A900B5AABC /* RecordingSignal003@2x.png */,
				EB358FF02150C1A900B5AABC /* RecordingSignal003@3x.png */,
				EB358FFC2150C1A900B5AABC /* RecordingSignal004@2x.png */,
				EB358FFD2150C1A900B5AABC /* RecordingSignal004@3x.png */,
				EB358FF32150C1A900B5AABC /* RecordingSignal005@2x.png */,
				EB358FF62150C1A900B5AABC /* RecordingSignal005@3x.png */,
				EB358FFF2150C1A900B5AABC /* RecordingSignal006@2x.png */,
				EB358FFA2150C1A900B5AABC /* RecordingSignal006@3x.png */,
				EB358FF52150C1A900B5AABC /* RecordingSignal007@2x.png */,
				EB358FF42150C1A900B5AABC /* RecordingSignal007@3x.png */,
				EB358FFB2150C1A900B5AABC /* RecordingSignal008@2x.png */,
				EB358FFE2150C1A900B5AABC /* RecordingSignal008@3x.png */,
			);
			path = VoiceImg;
			sourceTree = "<group>";
		};
		EBAAD9AD214FA873000248B3 /* Bubble */ = {
			isa = PBXGroup;
			children = (
				EB358FE12150A1B200B5AABC /* ExView */,
				EB20E5621DD0593700A05A95 /* JuBubbleView.h */,
				EB20E5631DD0593700A05A95 /* JuBubbleView.m */,
				EBAAD9B7214FA924000248B3 /* JuBubbleView+gif.h */,
				EBAAD9B8214FA924000248B3 /* JuBubbleView+gif.m */,
				EBAAD9B4214FA919000248B3 /* JuBubbleView+text.h */,
				EBAAD9B5214FA919000248B3 /* JuBubbleView+text.m */,
				EBAAD9B1214FA90D000248B3 /* JuBubbleView+image.h */,
				EBAAD9B2214FA90D000248B3 /* JuBubbleView+image.m */,
				EBAAD9BA214FAB94000248B3 /* JuBubbleView+Voice.h */,
				EBAAD9BB214FAB94000248B3 /* JuBubbleView+Voice.m */,
			);
			path = Bubble;
			sourceTree = "<group>";
		};
		EBAAD9AE214FA882000248B3 /* Cell */ = {
			isa = PBXGroup;
			children = (
				EB20E5661DD0593700A05A95 /* JuBaseMessageCell.h */,
				EB20E5671DD0593700A05A95 /* JuBaseMessageCell.m */,
				EB358FDE2150A07E00B5AABC /* JuChatMessageCell.h */,
				EB358FDF2150A07E00B5AABC /* JuChatMessageCell.m */,
			);
			path = Cell;
			sourceTree = "<group>";
		};
		EBAAD9AF214FA89A000248B3 /* chatBar */ = {
			isa = PBXGroup;
			children = (
				EB20E5641DD0593700A05A95 /* JuChatBarView.h */,
				EB20E5651DD0593700A05A95 /* JuChatBarView.m */,
				EB3590182150D59B00B5AABC /* JuChatBarDelegate.h */,
				EB3590152150C6EA00B5AABC /* JuRecordView.h */,
				EB3590162150C6EA00B5AABC /* JuRecordView.m */,
			);
			path = chatBar;
			sourceTree = "<group>";
		};
		EBAAD9B0214FA8AD000248B3 /* Model */ = {
			isa = PBXGroup;
			children = (
				EB20E56A1DD0593700A05A95 /* JuMessageModel.h */,
				EB20E56B1DD0593700A05A95 /* JuMessageModel.m */,
			);
			path = Model;
			sourceTree = "<group>";
		};
/* End PBXGroup section */

/* Begin PBXNativeTarget section */
		EB266B031DB70F9C00D4A15F /* JuChatMessage */ = {
			isa = PBXNativeTarget;
			buildConfigurationList = EB266B1B1DB70F9C00D4A15F /* Build configuration list for PBXNativeTarget "JuChatMessage" */;
			buildPhases = (
				EB266B001DB70F9C00D4A15F /* Sources */,
				EB266B011DB70F9C00D4A15F /* Frameworks */,
				EB266B021DB70F9C00D4A15F /* Resources */,
			);
			buildRules = (
			);
			dependencies = (
			);
			name = JuChatMessage;
			productName = JuChatMessage;
			productReference = EB266B041DB70F9C00D4A15F /* JuChatMessage.app */;
			productType = "com.apple.product-type.application";
		};
/* End PBXNativeTarget section */

/* Begin PBXProject section */
		EB266AFC1DB70F9C00D4A15F /* Project object */ = {
			isa = PBXProject;
			attributes = {
				LastUpgradeCheck = 0800;
				ORGANIZATIONNAME = Juvid;
				TargetAttributes = {
					EB266B031DB70F9C00D4A15F = {
						CreatedOnToolsVersion = 8.0;
						DevelopmentTeam = 3Y5SHRC9L9;
						ProvisioningStyle = Manual;
					};
				};
			};
			buildConfigurationList = EB266AFF1DB70F9C00D4A15F /* Build configuration list for PBXProject "JuChatMessage" */;
			compatibilityVersion = "Xcode 3.2";
			developmentRegion = English;
			hasScannedForEncodings = 0;
			knownRegions = (
				en,
				Base,
			);
			mainGroup = EB266AFB1DB70F9C00D4A15F;
			productRefGroup = EB266B051DB70F9C00D4A15F /* Products */;
			projectDirPath = "";
			projectRoot = "";
			targets = (
				EB266B031DB70F9C00D4A15F /* JuChatMessage */,
			);
		};
/* End PBXProject section */

/* Begin PBXResourcesBuildPhase section */
		EB266B021DB70F9C00D4A15F /* Resources */ = {
			isa = PBXResourcesBuildPhase;
			buildActionMask = 2147483647;
			files = (
				EB3590072150C1A900B5AABC /* RecordingSignal005@2x.png in Resources */,
				EB35900A2150C1A900B5AABC /* RecordingSignal005@3x.png in Resources */,
				EB266B401DB73EB100D4A15F /* consult_RightBubble@3x.png in Resources */,
				EB3590062150C1A900B5AABC /* RecordingBkg@2x.png in Resources */,
				EB3590112150C1A900B5AABC /* RecordingSignal004@3x.png in Resources */,
				EB46F1BF1DB877AD004AB89A /* chatBar_record@2x.png in Resources */,
				EB358FE42150A89E00B5AABC /* emoti_000.gif in Resources */,
				EB3590082150C1A900B5AABC /* RecordingSignal007@3x.png in Resources */,
				EB35900D2150C1A900B5AABC /* RecordCancel@3x.png in Resources */,
				EB35900E2150C1A900B5AABC /* RecordingSignal006@3x.png in Resources */,
				EB3590122150C1A900B5AABC /* RecordingSignal008@3x.png in Resources */,
				EB3590052150C1A900B5AABC /* RecordingSignal001@2x.png in Resources */,
				EB266B471DB74A8B00D4A15F /* timg.jpeg in Resources */,
				EB3590012150C1A900B5AABC /* RecordingBkg@3x.png in Resources */,
				EB3590042150C1A900B5AABC /* RecordingSignal003@3x.png in Resources */,
				EB3590022150C1A900B5AABC /* RecordingSignal001@3x.png in Resources */,
				EB35900C2150C1A900B5AABC /* RecordingSignal002@3x.png in Resources */,
				EB266B541DB7600800D4A15F /* chatVoiceRight@2x.png in Resources */,
				EB3590132150C1A900B5AABC /* RecordingSignal006@2x.png in Resources */,
				EB35900F2150C1A900B5AABC /* RecordingSignal008@2x.png in Resources */,
				EB3590032150C1A900B5AABC /* RecordingSignal003@2x.png in Resources */,
				EB3590142150C1A900B5AABC /* RecordCancel@2x.png in Resources */,
				EB46F1C11DB877B2004AB89A /* chatBar_more@2x.png in Resources */,
				EB266B171DB70F9C00D4A15F /* LaunchScreen.storyboard in Resources */,
				EB266B421DB73EC500D4A15F /* assistor_news0_03.png in Resources */,
				EB3590102150C1A900B5AABC /* RecordingSignal004@2x.png in Resources */,
				EB3590092150C1A900B5AABC /* RecordingSignal007@2x.png in Resources */,
				EB266B141DB70F9C00D4A15F /* Assets.xcassets in Resources */,
				EB266B3E1DB73EA300D4A15F /* consult_LeftBubble@3x.png in Resources */,
				EB266B521DB7600400D4A15F /* chatVoiceLeft@2x.png in Resources */,
				EB266B121DB70F9C00D4A15F /* Main.storyboard in Resources */,
				EB35900B2150C1A900B5AABC /* RecordingSignal002@2x.png in Resources */,
			);
			runOnlyForDeploymentPostprocessing = 0;
		};
/* End PBXResourcesBuildPhase section */

/* Begin PBXSourcesBuildPhase section */
		EB266B001DB70F9C00D4A15F /* Sources */ = {
			isa = PBXSourcesBuildPhase;
			buildActionMask = 2147483647;
			files = (
				EB3590172150C6EA00B5AABC /* JuRecordView.m in Sources */,
				EB358FEB2150A8B500B5AABC /* CADisplayLineImage.m in Sources */,
				EBAAD9BC214FAB94000248B3 /* JuBubbleView+Voice.m in Sources */,
				EB266B2B1DB710F800D4A15F /* UIView+JuConstraint.m in Sources */,
				EB46F1BC1DB86A50004AB89A /* TestViewController.m in Sources */,
				EBAAD9B9214FA924000248B3 /* JuBubbleView+gif.m in Sources */,
				EB358FE02150A07E00B5AABC /* JuChatMessageCell.m in Sources */,
				EB20E56F1DD0593700A05A95 /* JuBaseMessageCell.m in Sources */,
				EB266B2C1DB710F800D4A15F /* UIView+JuLayGroup.m in Sources */,
				EBAAD9B6214FA919000248B3 /* JuBubbleView+text.m in Sources */,
				EB266B0C1DB70F9C00D4A15F /* AppDelegate.m in Sources */,
				EB266B291DB710F800D4A15F /* JuLayout.m in Sources */,
				EB20E56D1DD0593700A05A95 /* JuBubbleView.m in Sources */,
				EB20E56C1DD0593700A05A95 /* JuBubbleImage.m in Sources */,
				EBAAD9B3214FA90D000248B3 /* JuBubbleView+image.m in Sources */,
				EB266B2D1DB710F800D4A15F /* UIView+JuLayout.m in Sources */,
				EB266B2A1DB710F800D4A15F /* UIView+Frame.m in Sources */,
				EB358FEA2150A8B500B5AABC /* CADisplayLineImageView.m in Sources */,
				EB20E56E1DD0593700A05A95 /* JuChatBarView.m in Sources */,
				EB20E5701DD0593700A05A95 /* JuChatViewController.m in Sources */,
				EB20E5711DD0593700A05A95 /* JuMessageModel.m in Sources */,
				EB266B091DB70F9C00D4A15F /* main.m in Sources */,
			);
			runOnlyForDeploymentPostprocessing = 0;
		};
/* End PBXSourcesBuildPhase section */

/* Begin PBXVariantGroup section */
		EB266B101DB70F9C00D4A15F /* Main.storyboard */ = {
			isa = PBXVariantGroup;
			children = (
				EB266B111DB70F9C00D4A15F /* Base */,
			);
			name = Main.storyboard;
			sourceTree = "<group>";
		};
		EB266B151DB70F9C00D4A15F /* LaunchScreen.storyboard */ = {
			isa = PBXVariantGroup;
			children = (
				EB266B161DB70F9C00D4A15F /* Base */,
			);
			name = LaunchScreen.storyboard;
			sourceTree = "<group>";
		};
/* End PBXVariantGroup section */

/* Begin XCBuildConfiguration section */
		EB266B191DB70F9C00D4A15F /* Debug */ = {
			isa = XCBuildConfiguration;
			buildSettings = {
				ALWAYS_SEARCH_USER_PATHS = NO;
				CLANG_ANALYZER_NONNULL = YES;
				CLANG_CXX_LANGUAGE_STANDARD = "gnu++0x";
				CLANG_CXX_LIBRARY = "libc++";
				CLANG_ENABLE_MODULES = YES;
				CLANG_ENABLE_OBJC_ARC = YES;
				CLANG_WARN_BOOL_CONVERSION = YES;
				CLANG_WARN_CONSTANT_CONVERSION = YES;
				CLANG_WARN_DIRECT_OBJC_ISA_USAGE = YES_ERROR;
				CLANG_WARN_DOCUMENTATION_COMMENTS = YES;
				CLANG_WARN_EMPTY_BODY = YES;
				CLANG_WARN_ENUM_CONVERSION = YES;
				CLANG_WARN_INFINITE_RECURSION = YES;
				CLANG_WARN_INT_CONVERSION = YES;
				CLANG_WARN_OBJC_ROOT_CLASS = YES_ERROR;
				CLANG_WARN_SUSPICIOUS_MOVES = YES;
				CLANG_WARN_UNREACHABLE_CODE = YES;
				CLANG_WARN__DUPLICATE_METHOD_MATCH = YES;
				"CODE_SIGN_IDENTITY[sdk=iphoneos*]" = "iPhone Developer";
				COPY_PHASE_STRIP = NO;
				DEBUG_INFORMATION_FORMAT = dwarf;
				ENABLE_STRICT_OBJC_MSGSEND = YES;
				ENABLE_TESTABILITY = YES;
				GCC_C_LANGUAGE_STANDARD = gnu99;
				GCC_DYNAMIC_NO_PIC = NO;
				GCC_NO_COMMON_BLOCKS = YES;
				GCC_OPTIMIZATION_LEVEL = 0;
				GCC_PREPROCESSOR_DEFINITIONS = (
					"DEBUG=1",
					"$(inherited)",
				);
				GCC_WARN_64_TO_32_BIT_CONVERSION = YES;
				GCC_WARN_ABOUT_RETURN_TYPE = YES_ERROR;
				GCC_WARN_UNDECLARED_SELECTOR = YES;
				GCC_WARN_UNINITIALIZED_AUTOS = YES_AGGRESSIVE;
				GCC_WARN_UNUSED_FUNCTION = YES;
				GCC_WARN_UNUSED_VARIABLE = YES;
				IPHONEOS_DEPLOYMENT_TARGET = 10.0;
				MTL_ENABLE_DEBUG_INFO = YES;
				ONLY_ACTIVE_ARCH = YES;
				SDKROOT = iphoneos;
				TARGETED_DEVICE_FAMILY = "1,2";
			};
			name = Debug;
		};
		EB266B1A1DB70F9C00D4A15F /* Release */ = {
			isa = XCBuildConfiguration;
			buildSettings = {
				ALWAYS_SEARCH_USER_PATHS = NO;
				CLANG_ANALYZER_NONNULL = YES;
				CLANG_CXX_LANGUAGE_STANDARD = "gnu++0x";
				CLANG_CXX_LIBRARY = "libc++";
				CLANG_ENABLE_MODULES = YES;
				CLANG_ENABLE_OBJC_ARC = YES;
				CLANG_WARN_BOOL_CONVERSION = YES;
				CLANG_WARN_CONSTANT_CONVERSION = YES;
				CLANG_WARN_DIRECT_OBJC_ISA_USAGE = YES_ERROR;
				CLANG_WARN_DOCUMENTATION_COMMENTS = YES;
				CLANG_WARN_EMPTY_BODY = YES;
				CLANG_WARN_ENUM_CONVERSION = YES;
				CLANG_WARN_INFINITE_RECURSION = YES;
				CLANG_WARN_INT_CONVERSION = YES;
				CLANG_WARN_OBJC_ROOT_CLASS = YES_ERROR;
				CLANG_WARN_SUSPICIOUS_MOVES = YES;
				CLANG_WARN_UNREACHABLE_CODE = YES;
				CLANG_WARN__DUPLICATE_METHOD_MATCH = YES;
				"CODE_SIGN_IDENTITY[sdk=iphoneos*]" = "iPhone Developer";
				COPY_PHASE_STRIP = NO;
				DEBUG_INFORMATION_FORMAT = "dwarf-with-dsym";
				ENABLE_NS_ASSERTIONS = NO;
				ENABLE_STRICT_OBJC_MSGSEND = YES;
				GCC_C_LANGUAGE_STANDARD = gnu99;
				GCC_NO_COMMON_BLOCKS = YES;
				GCC_WARN_64_TO_32_BIT_CONVERSION = YES;
				GCC_WARN_ABOUT_RETURN_TYPE = YES_ERROR;
				GCC_WARN_UNDECLARED_SELECTOR = YES;
				GCC_WARN_UNINITIALIZED_AUTOS = YES_AGGRESSIVE;
				GCC_WARN_UNUSED_FUNCTION = YES;
				GCC_WARN_UNUSED_VARIABLE = YES;
				IPHONEOS_DEPLOYMENT_TARGET = 10.0;
				MTL_ENABLE_DEBUG_INFO = NO;
				SDKROOT = iphoneos;
				TARGETED_DEVICE_FAMILY = "1,2";
				VALIDATE_PRODUCT = YES;
			};
			name = Release;
		};
		EB266B1C1DB70F9C00D4A15F /* Debug */ = {
			isa = XCBuildConfiguration;
			buildSettings = {
				ASSETCATALOG_COMPILER_APPICON_NAME = AppIcon;
				CODE_SIGN_STYLE = Manual;
				DEVELOPMENT_TEAM = 3Y5SHRC9L9;
				INFOPLIST_FILE = JuChatMessage/Info.plist;
				IPHONEOS_DEPLOYMENT_TARGET = 8.0;
				LD_RUNPATH_SEARCH_PATHS = "$(inherited) @executable_path/Frameworks";
				PRODUCT_BUNDLE_IDENTIFIER = com.wbitech.JuChatMessage;
				PRODUCT_NAME = "$(TARGET_NAME)";
				PROVISIONING_PROFILE = "f8f82f03-40ee-4f3b-bec4-fa4043b8f3fd";
				PROVISIONING_PROFILE_SPECIFIER = TestAll;
			};
			name = Debug;
		};
		EB266B1D1DB70F9C00D4A15F /* Release */ = {
			isa = XCBuildConfiguration;
			buildSettings = {
				ASSETCATALOG_COMPILER_APPICON_NAME = AppIcon;
				CODE_SIGN_STYLE = Manual;
				DEVELOPMENT_TEAM = "";
				INFOPLIST_FILE = JuChatMessage/Info.plist;
				IPHONEOS_DEPLOYMENT_TARGET = 8.0;
				LD_RUNPATH_SEARCH_PATHS = "$(inherited) @executable_path/Frameworks";
				PRODUCT_BUNDLE_IDENTIFIER = com.wbitech.JuChatMessage;
				PRODUCT_NAME = "$(TARGET_NAME)";
				PROVISIONING_PROFILE_SPECIFIER = "";
			};
			name = Release;
		};
/* End XCBuildConfiguration section */

/* Begin XCConfigurationList section */
		EB266AFF1DB70F9C00D4A15F /* Build configuration list for PBXProject "JuChatMessage" */ = {
			isa = XCConfigurationList;
			buildConfigurations = (
				EB266B191DB70F9C00D4A15F /* Debug */,
				EB266B1A1DB70F9C00D4A15F /* Release */,
			);
			defaultConfigurationIsVisible = 0;
			defaultConfigurationName = Release;
		};
		EB266B1B1DB70F9C00D4A15F /* Build configuration list for PBXNativeTarget "JuChatMessage" */ = {
			isa = XCConfigurationList;
			buildConfigurations = (
				EB266B1C1DB70F9C00D4A15F /* Debug */,
				EB266B1D1DB70F9C00D4A15F /* Release */,
			);
			defaultConfigurationIsVisible = 0;
			defaultConfigurationName = Release;
		};
/* End XCConfigurationList section */
	};
	rootObject = EB266AFC1DB70F9C00D4A15F /* Project object */;
}
